// !$*UTF8*$!
{
	archiveVersion = 1;
	classes = {
	};
	objectVersion = 55;
	objects = {

/* Begin PBXBuildFile section */
		CDD9D3C02931C3BE00AE1AF7 /* ToDoDemoApp.swift in Sources */ = {isa = PBXBuildFile; fileRef = CDD9D3BF2931C3BE00AE1AF7 /* ToDoDemoApp.swift */; };
		CDD9D3C22931C3BE00AE1AF7 /* ContentView.swift in Sources */ = {isa = PBXBuildFile; fileRef = CDD9D3C12931C3BE00AE1AF7 /* ContentView.swift */; };
		CDD9D3C42931C3BF00AE1AF7 /* Assets.xcassets in Resources */ = {isa = PBXBuildFile; fileRef = CDD9D3C32931C3BF00AE1AF7 /* Assets.xcassets */; };
		CDD9D3C72931C3BF00AE1AF7 /* Preview Assets.xcassets in Resources */ = {isa = PBXBuildFile; fileRef = CDD9D3C62931C3BF00AE1AF7 /* Preview Assets.xcassets */; };
		CDD9D3CE2931C42300AE1AF7 /* TaskView.swift in Sources */ = {isa = PBXBuildFile; fileRef = CDD9D3CD2931C42300AE1AF7 /* TaskView.swift */; };
		CDD9D3D22931C75200AE1AF7 /* TaskRow.swift in Sources */ = {isa = PBXBuildFile; fileRef = CDD9D3D12931C75200AE1AF7 /* TaskRow.swift */; };
		CDD9D3D42931DC8300AE1AF7 /* AddTaskView.swift in Sources */ = {isa = PBXBuildFile; fileRef = CDD9D3D32931DC8300AE1AF7 /* AddTaskView.swift */; };
		CDD9D3D62931E5F100AE1AF7 /* SmallAddButton.swift in Sources */ = {isa = PBXBuildFile; fileRef = CDD9D3D52931E5F100AE1AF7 /* SmallAddButton.swift */; };
		CDD9D3D92933BE2900AE1AF7 /* Realm in Frameworks */ = {isa = PBXBuildFile; productRef = CDD9D3D82933BE2900AE1AF7 /* Realm */; };
		CDD9D3DB2933BE2900AE1AF7 /* RealmSwift in Frameworks */ = {isa = PBXBuildFile; productRef = CDD9D3DA2933BE2900AE1AF7 /* RealmSwift */; };
		CDD9D3DD2933BE7E00AE1AF7 /* RealmManager.swift in Sources */ = {isa = PBXBuildFile; fileRef = CDD9D3DC2933BE7E00AE1AF7 /* RealmManager.swift */; };
		CDD9D3DF2933C15600AE1AF7 /* Task.swift in Sources */ = {isa = PBXBuildFile; fileRef = CDD9D3DE2933C15600AE1AF7 /* Task.swift */; };
/* End PBXBuildFile section */

/* Begin PBXFileReference section */
		CDD9D3BC2931C3BE00AE1AF7 /* ToDoDemo.app */ = {isa = PBXFileReference; explicitFileType = wrapper.application; includeInIndex = 0; path = ToDoDemo.app; sourceTree = BUILT_PRODUCTS_DIR; };
		CDD9D3BF2931C3BE00AE1AF7 /* ToDoDemoApp.swift */ = {isa = PBXFileReference; lastKnownFileType = sourcecode.swift; path = ToDoDemoApp.swift; sourceTree = "<group>"; };
		CDD9D3C12931C3BE00AE1AF7 /* ContentView.swift */ = {isa = PBXFileReference; lastKnownFileType = sourcecode.swift; path = ContentView.swift; sourceTree = "<group>"; };
		CDD9D3C32931C3BF00AE1AF7 /* Assets.xcassets */ = {isa = PBXFileReference; lastKnownFileType = folder.assetcatalog; path = Assets.xcassets; sourceTree = "<group>"; };
		CDD9D3C62931C3BF00AE1AF7 /* Preview Assets.xcassets */ = {isa = PBXFileReference; lastKnownFileType = folder.assetcatalog; path = "Preview Assets.xcassets"; sourceTree = "<group>"; };
		CDD9D3CD2931C42300AE1AF7 /* TaskView.swift */ = {isa = PBXFileReference; lastKnownFileType = sourcecode.swift; path = TaskView.swift; sourceTree = "<group>"; };
		CDD9D3D12931C75200AE1AF7 /* TaskRow.swift */ = {isa = PBXFileReference; lastKnownFileType = sourcecode.swift; path = TaskRow.swift; sourceTree = "<group>"; };
		CDD9D3D32931DC8300AE1AF7 /* AddTaskView.swift */ = {isa = PBXFileReference; lastKnownFileType = sourcecode.swift; path = AddTaskView.swift; sourceTree = "<group>"; };
		CDD9D3D52931E5F100AE1AF7 /* SmallAddButton.swift */ = {isa = PBXFileReference; lastKnownFileType = sourcecode.swift; path = SmallAddButton.swift; sourceTree = "<group>"; };
		CDD9D3DC2933BE7E00AE1AF7 /* RealmManager.swift */ = {isa = PBXFileReference; lastKnownFileType = sourcecode.swift; path = RealmManager.swift; sourceTree = "<group>"; };
		CDD9D3DE2933C15600AE1AF7 /* Task.swift */ = {isa = PBXFileReference; lastKnownFileType = sourcecode.swift; path = Task.swift; sourceTree = "<group>"; };
/* End PBXFileReference section */

/* Begin PBXFrameworksBuildPhase section */
		CDD9D3B92931C3BE00AE1AF7 /* Frameworks */ = {
			isa = PBXFrameworksBuildPhase;
			buildActionMask = 2147483647;
			files = (
				CDD9D3DB2933BE2900AE1AF7 /* RealmSwift in Frameworks */,
				CDD9D3D92933BE2900AE1AF7 /* Realm in Frameworks */,
			);
			runOnlyForDeploymentPostprocessing = 0;
		};
/* End PBXFrameworksBuildPhase section */

/* Begin PBXGroup section */
		CDD9D3B32931C3BE00AE1AF7 = {
			isa = PBXGroup;
			children = (
				CDD9D3BE2931C3BE00AE1AF7 /* ToDoDemo */,
				CDD9D3BD2931C3BE00AE1AF7 /* Products */,
			);
			sourceTree = "<group>";
		};
		CDD9D3BD2931C3BE00AE1AF7 /* Products */ = {
			isa = PBXGroup;
			children = (
				CDD9D3BC2931C3BE00AE1AF7 /* ToDoDemo.app */,
			);
			name = Products;
			sourceTree = "<group>";
		};
		CDD9D3BE2931C3BE00AE1AF7 /* ToDoDemo */ = {
			isa = PBXGroup;
			children = (
				CDD9D3D02931C71E00AE1AF7 /* Components */,
				CDD9D3BF2931C3BE00AE1AF7 /* ToDoDemoApp.swift */,
				CDD9D3CF2931C43F00AE1AF7 /* Views */,
				CDD9D3C32931C3BF00AE1AF7 /* Assets.xcassets */,
				CDD9D3C52931C3BF00AE1AF7 /* Preview Content */,
				CDD9D3DC2933BE7E00AE1AF7 /* RealmManager.swift */,
				CDD9D3DE2933C15600AE1AF7 /* Task.swift */,
			);
			path = ToDoDemo;
			sourceTree = "<group>";
		};
		CDD9D3C52931C3BF00AE1AF7 /* Preview Content */ = {
			isa = PBXGroup;
			children = (
				CDD9D3C62931C3BF00AE1AF7 /* Preview Assets.xcassets */,
			);
			path = "Preview Content";
			sourceTree = "<group>";
		};
		CDD9D3CF2931C43F00AE1AF7 /* Views */ = {
			isa = PBXGroup;
			children = (
				CDD9D3C12931C3BE00AE1AF7 /* ContentView.swift */,
				CDD9D3CD2931C42300AE1AF7 /* TaskView.swift */,
				CDD9D3D32931DC8300AE1AF7 /* AddTaskView.swift */,
			);
			name = Views;
			sourceTree = "<group>";
		};
		CDD9D3D02931C71E00AE1AF7 /* Components */ = {
			isa = PBXGroup;
			children = (
				CDD9D3D12931C75200AE1AF7 /* TaskRow.swift */,
				CDD9D3D52931E5F100AE1AF7 /* SmallAddButton.swift */,
			);
			name = Components;
			sourceTree = "<group>";
		};
/* End PBXGroup section */

/* Begin PBXNativeTarget section */
		CDD9D3BB2931C3BE00AE1AF7 /* ToDoDemo */ = {
			isa = PBXNativeTarget;
			buildConfigurationList = CDD9D3CA2931C3BF00AE1AF7 /* Build configuration list for PBXNativeTarget "ToDoDemo" */;
			buildPhases = (
				CDD9D3B82931C3BE00AE1AF7 /* Sources */,
				CDD9D3B92931C3BE00AE1AF7 /* Frameworks */,
				CDD9D3BA2931C3BE00AE1AF7 /* Resources */,
			);
			buildRules = (
			);
			dependencies = (
			);
			name = ToDoDemo;
			packageProductDependencies = (
				CDD9D3D82933BE2900AE1AF7 /* Realm */,
				CDD9D3DA2933BE2900AE1AF7 /* RealmSwift */,
			);
			productName = ToDoDemo;
			productReference = CDD9D3BC2931C3BE00AE1AF7 /* ToDoDemo.app */;
			productType = "com.apple.product-type.application";
		};
/* End PBXNativeTarget section */

/* Begin PBXProject section */
		CDD9D3B42931C3BE00AE1AF7 /* Project object */ = {
			isa = PBXProject;
			attributes = {
				BuildIndependentTargetsInParallel = 1;
				LastSwiftUpdateCheck = 1330;
				LastUpgradeCheck = 1330;
				TargetAttributes = {
					CDD9D3BB2931C3BE00AE1AF7 = {
						CreatedOnToolsVersion = 13.3.1;
					};
				};
			};
			buildConfigurationList = CDD9D3B72931C3BE00AE1AF7 /* Build configuration list for PBXProject "ToDoDemo" */;
			compatibilityVersion = "Xcode 13.0";
			developmentRegion = en;
			hasScannedForEncodings = 0;
			knownRegions = (
				en,
				Base,
			);
			mainGroup = CDD9D3B32931C3BE00AE1AF7;
			packageReferences = (
				CDD9D3D72933BE2900AE1AF7 /* XCRemoteSwiftPackageReference "realm-swift" */,
			);
			productRefGroup = CDD9D3BD2931C3BE00AE1AF7 /* Products */;
			projectDirPath = "";
			projectRoot = "";
			targets = (
				CDD9D3BB2931C3BE00AE1AF7 /* ToDoDemo */,
			);
		};
/* End PBXProject section */

/* Begin PBXResourcesBuildPhase section */
		CDD9D3BA2931C3BE00AE1AF7 /* Resources */ = {
			isa = PBXResourcesBuildPhase;
			buildActionMask = 2147483647;
			files = (
				CDD9D3C72931C3BF00AE1AF7 /* Preview Assets.xcassets in Resources */,
				CDD9D3C42931C3BF00AE1AF7 /* Assets.xcassets in Resources */,
			);
			runOnlyForDeploymentPostprocessing = 0;
		};
/* End PBXResourcesBuildPhase section */

/* Begin PBXSourcesBuildPhase section */
		CDD9D3B82931C3BE00AE1AF7 /* Sources */ = {
			isa = PBXSourcesBuildPhase;
			buildActionMask = 2147483647;
			files = (
				CDD9D3DF2933C15600AE1AF7 /* Task.swift in Sources */,
				CDD9D3CE2931C42300AE1AF7 /* TaskView.swift in Sources */,
				CDD9D3D42931DC8300AE1AF7 /* AddTaskView.swift in Sources */,
				CDD9D3C22931C3BE00AE1AF7 /* ContentView.swift in Sources */,
				CDD9D3D62931E5F100AE1AF7 /* SmallAddButton.swift in Sources */,
				CDD9D3C02931C3BE00AE1AF7 /* ToDoDemoApp.swift in Sources */,
				CDD9D3DD2933BE7E00AE1AF7 /* RealmManager.swift in Sources */,
				CDD9D3D22931C75200AE1AF7 /* TaskRow.swift in Sources */,
			);
			runOnlyForDeploymentPostprocessing = 0;
		};
/* End PBXSourcesBuildPhase section */

/* Begin XCBuildConfiguration section */
		CDD9D3C82931C3BF00AE1AF7 /* Debug */ = {
			isa = XCBuildConfiguration;
			buildSettings = {
				ALWAYS_SEARCH_USER_PATHS = NO;
				CLANG_ANALYZER_NONNULL = YES;
				CLANG_ANALYZER_NUMBER_OBJECT_CONVERSION = YES_AGGRESSIVE;
				CLANG_CXX_LANGUAGE_STANDARD = "gnu++17";
				CLANG_ENABLE_MODULES = YES;
				CLANG_ENABLE_OBJC_ARC = YES;
				CLANG_ENABLE_OBJC_WEAK = YES;
				CLANG_WARN_BLOCK_CAPTURE_AUTORELEASING = YES;
				CLANG_WARN_BOOL_CONVERSION = YES;
				CLANG_WARN_COMMA = YES;
				CLANG_WARN_CONSTANT_CONVERSION = YES;
				CLANG_WARN_DEPRECATED_OBJC_IMPLEMENTATIONS = YES;
				CLANG_WARN_DIRECT_OBJC_ISA_USAGE = YES_ERROR;
				CLANG_WARN_DOCUMENTATION_COMMENTS = YES;
				CLANG_WARN_EMPTY_BODY = YES;
				CLANG_WARN_ENUM_CONVERSION = YES;
				CLANG_WARN_INFINITE_RECURSION = YES;
				CLANG_WARN_INT_CONVERSION = YES;
				CLANG_WARN_NON_LITERAL_NULL_CONVERSION = YES;
				CLANG_WARN_OBJC_IMPLICIT_RETAIN_SELF = YES;
				CLANG_WARN_OBJC_LITERAL_CONVERSION = YES;
				CLANG_WARN_OBJC_ROOT_CLASS = YES_ERROR;
				CLANG_WARN_QUOTED_INCLUDE_IN_FRAMEWORK_HEADER = YES;
				CLANG_WARN_RANGE_LOOP_ANALYSIS = YES;
				CLANG_WARN_STRICT_PROTOTYPES = YES;
				CLANG_WARN_SUSPICIOUS_MOVE = YES;
				CLANG_WARN_UNGUARDED_AVAILABILITY = YES_AGGRESSIVE;
				CLANG_WARN_UNREACHABLE_CODE = YES;
				CLANG_WARN__DUPLICATE_METHOD_MATCH = YES;
				COPY_PHASE_STRIP = NO;
				DEBUG_INFORMATION_FORMAT = dwarf;
				ENABLE_STRICT_OBJC_MSGSEND = YES;
				ENABLE_TESTABILITY = YES;
				GCC_C_LANGUAGE_STANDARD = gnu11;
				GCC_DYNAMIC_NO_PIC = NO;
				GCC_NO_COMMON_BLOCKS = YES;
				GCC_OPTIMIZATION_LEVEL = 0;
				GCC_PREPROCESSOR_DEFINITIONS = (
					"DEBUG=1",
					"$(inherited)",
				);
				GCC_WARN_64_TO_32_BIT_CONVERSION = YES;
				GCC_WARN_ABOUT_RETURN_TYPE = YES_ERROR;
				GCC_WARN_UNDECLARED_SELECTOR = YES;
				GCC_WARN_UNINITIALIZED_AUTOS = YES_AGGRESSIVE;
				GCC_WARN_UNUSED_FUNCTION = YES;
				GCC_WARN_UNUSED_VARIABLE = YES;
				IPHONEOS_DEPLOYMENT_TARGET = 15.4;
				MTL_ENABLE_DEBUG_INFO = INCLUDE_SOURCE;
				MTL_FAST_MATH = YES;
				ONLY_ACTIVE_ARCH = YES;
				SDKROOT = iphoneos;
				SWIFT_ACTIVE_COMPILATION_CONDITIONS = DEBUG;
				SWIFT_OPTIMIZATION_LEVEL = "-Onone";
			};
			name = Debug;
		};
		CDD9D3C92931C3BF00AE1AF7 /* Release */ = {
			isa = XCBuildConfiguration;
			buildSettings = {
				ALWAYS_SEARCH_USER_PATHS = NO;
				CLANG_ANALYZER_NONNULL = YES;
				CLANG_ANALYZER_NUMBER_OBJECT_CONVERSION = YES_AGGRESSIVE;
				CLANG_CXX_LANGUAGE_STANDARD = "gnu++17";
				CLANG_ENABLE_MODULES = YES;
				CLANG_ENABLE_OBJC_ARC = YES;
				CLANG_ENABLE_OBJC_WEAK = YES;
				CLANG_WARN_BLOCK_CAPTURE_AUTORELEASING = YES;
				CLANG_WARN_BOOL_CONVERSION = YES;
				CLANG_WARN_COMMA = YES;
				CLANG_WARN_CONSTANT_CONVERSION = YES;
				CLANG_WARN_DEPRECATED_OBJC_IMPLEMENTATIONS = YES;
				CLANG_WARN_DIRECT_OBJC_ISA_USAGE = YES_ERROR;
				CLANG_WARN_DOCUMENTATION_COMMENTS = YES;
				CLANG_WARN_EMPTY_BODY = YES;
				CLANG_WARN_ENUM_CONVERSION = YES;
				CLANG_WARN_INFINITE_RECURSION = YES;
				CLANG_WARN_INT_CONVERSION = YES;
				CLANG_WARN_NON_LITERAL_NULL_CONVERSION = YES;
				CLANG_WARN_OBJC_IMPLICIT_RETAIN_SELF = YES;
				CLANG_WARN_OBJC_LITERAL_CONVERSION = YES;
				CLANG_WARN_OBJC_ROOT_CLASS = YES_ERROR;
				CLANG_WARN_QUOTED_INCLUDE_IN_FRAMEWORK_HEADER = YES;
				CLANG_WARN_RANGE_LOOP_ANALYSIS = YES;
				CLANG_WARN_STRICT_PROTOTYPES = YES;
				CLANG_WARN_SUSPICIOUS_MOVE = YES;
				CLANG_WARN_UNGUARDED_AVAILABILITY = YES_AGGRESSIVE;
				CLANG_WARN_UNREACHABLE_CODE = YES;
				CLANG_WARN__DUPLICATE_METHOD_MATCH = YES;
				COPY_PHASE_STRIP = NO;
				DEBUG_INFORMATION_FORMAT = "dwarf-with-dsym";
				ENABLE_NS_ASSERTIONS = NO;
				ENABLE_STRICT_OBJC_MSGSEND = YES;
				GCC_C_LANGUAGE_STANDARD = gnu11;
				GCC_NO_COMMON_BLOCKS = YES;
				GCC_WARN_64_TO_32_BIT_CONVERSION = YES;
				GCC_WARN_ABOUT_RETURN_TYPE = YES_ERROR;
				GCC_WARN_UNDECLARED_SELECTOR = YES;
				GCC_WARN_UNINITIALIZED_AUTOS = YES_AGGRESSIVE;
				GCC_WARN_UNUSED_FUNCTION = YES;
				GCC_WARN_UNUSED_VARIABLE = YES;
				IPHONEOS_DEPLOYMENT_TARGET = 15.4;
				MTL_ENABLE_DEBUG_INFO = NO;
				MTL_FAST_MATH = YES;
				SDKROOT = iphoneos;
				SWIFT_COMPILATION_MODE = wholemodule;
				SWIFT_OPTIMIZATION_LEVEL = "-O";
				VALIDATE_PRODUCT = YES;
			};
			name = Release;
		};
		CDD9D3CB2931C3BF00AE1AF7 /* Debug */ = {
			isa = XCBuildConfiguration;
			buildSettings = {
				ASSETCATALOG_COMPILER_APPICON_NAME = AppIcon;
				ASSETCATALOG_COMPILER_GLOBAL_ACCENT_COLOR_NAME = AccentColor;
				CODE_SIGN_STYLE = Automatic;
				CURRENT_PROJECT_VERSION = 1;
				DEVELOPMENT_ASSET_PATHS = "\"ToDoDemo/Preview Content\"";
				ENABLE_PREVIEWS = YES;
				GENERATE_INFOPLIST_FILE = YES;
				INFOPLIST_KEY_UIApplicationSceneManifest_Generation = YES;
				INFOPLIST_KEY_UIApplicationSupportsIndirectInputEvents = YES;
				INFOPLIST_KEY_UILaunchScreen_Generation = YES;
				INFOPLIST_KEY_UISupportedInterfaceOrientations_iPad = "UIInterfaceOrientationPortrait UIInterfaceOrientationPortraitUpsideDown UIInterfaceOrientationLandscapeLeft UIInterfaceOrientationLandscapeRight";
				INFOPLIST_KEY_UISupportedInterfaceOrientations_iPhone = "UIInterfaceOrientationPortrait UIInterfaceOrientationLandscapeLeft UIInterfaceOrientationLandscapeRight";
				LD_RUNPATH_SEARCH_PATHS = (
					"$(inherited)",
					"@executable_path/Frameworks",
				);
				MARKETING_VERSION = 1.0;
				PRODUCT_BUNDLE_IDENTIFIER = obatatest.ToDoDemo;
				PRODUCT_NAME = "$(TARGET_NAME)";
				SWIFT_EMIT_LOC_STRINGS = YES;
				SWIFT_VERSION = 5.0;
				TARGETED_DEVICE_FAMILY = "1,2";
			};
			name = Debug;
		};
		CDD9D3CC2931C3BF00AE1AF7 /* Release */ = {
			isa = XCBuildConfiguration;
			buildSettings = {
				ASSETCATALOG_COMPILER_APPICON_NAME = AppIcon;
				ASSETCATALOG_COMPILER_GLOBAL_ACCENT_COLOR_NAME = AccentColor;
				CODE_SIGN_STYLE = Automatic;
				CURRENT_PROJECT_VERSION = 1;
				DEVELOPMENT_ASSET_PATHS = "\"ToDoDemo/Preview Content\"";
				ENABLE_PREVIEWS = YES;
				GENERATE_INFOPLIST_FILE = YES;
				INFOPLIST_KEY_UIApplicationSceneManifest_Generation = YES;
				INFOPLIST_KEY_UIApplicationSupportsIndirectInputEvents = YES;
				INFOPLIST_KEY_UILaunchScreen_Generation = YES;
				INFOPLIST_KEY_UISupportedInterfaceOrientations_iPad = "UIInterfaceOrientationPortrait UIInterfaceOrientationPortraitUpsideDown UIInterfaceOrientationLandscapeLeft UIInterfaceOrientationLandscapeRight";
				INFOPLIST_KEY_UISupportedInterfaceOrientations_iPhone = "UIInterfaceOrientationPortrait UIInterfaceOrientationLandscapeLeft UIInterfaceOrientationLandscapeRight";
				LD_RUNPATH_SEARCH_PATHS = (
					"$(inherited)",
					"@executable_path/Frameworks",
				);
				MARKETING_VERSION = 1.0;
				PRODUCT_BUNDLE_IDENTIFIER = obatatest.ToDoDemo;
				PRODUCT_NAME = "$(TARGET_NAME)";
				SWIFT_EMIT_LOC_STRINGS = YES;
				SWIFT_VERSION = 5.0;
				TARGETED_DEVICE_FAMILY = "1,2";
			};
			name = Release;
		};
/* End XCBuildConfiguration section */

/* Begin XCConfigurationList section */
		CDD9D3B72931C3BE00AE1AF7 /* Build configuration list for PBXProject "ToDoDemo" */ = {
			isa = XCConfigurationList;
			buildConfigurations = (
				CDD9D3C82931C3BF00AE1AF7 /* Debug */,
				CDD9D3C92931C3BF00AE1AF7 /* Release */,
			);
			defaultConfigurationIsVisible = 0;
			defaultConfigurationName = Release;
		};
		CDD9D3CA2931C3BF00AE1AF7 /* Build configuration list for PBXNativeTarget "ToDoDemo" */ = {
			isa = XCConfigurationList;
			buildConfigurations = (
				CDD9D3CB2931C3BF00AE1AF7 /* Debug */,
				CDD9D3CC2931C3BF00AE1AF7 /* Release */,
			);
			defaultConfigurationIsVisible = 0;
			defaultConfigurationName = Release;
		};
/* End XCConfigurationList section */

/* Begin XCRemoteSwiftPackageReference section */
		CDD9D3D72933BE2900AE1AF7 /* XCRemoteSwiftPackageReference "realm-swift" */ = {
			isa = XCRemoteSwiftPackageReference;
			repositoryURL = "https://github.com/realm/realm-swift.git";
			requirement = {
				branch = master;
				kind = branch;
			};
		};
/* End XCRemoteSwiftPackageReference section */

/* Begin XCSwiftPackageProductDependency section */
		CDD9D3D82933BE2900AE1AF7 /* Realm */ = {
			isa = XCSwiftPackageProductDependency;
			package = CDD9D3D72933BE2900AE1AF7 /* XCRemoteSwiftPackageReference "realm-swift" */;
			productName = Realm;
		};
		CDD9D3DA2933BE2900AE1AF7 /* RealmSwift */ = {
			isa = XCSwiftPackageProductDependency;
			package = CDD9D3D72933BE2900AE1AF7 /* XCRemoteSwiftPackageReference "realm-swift" */;
			productName = RealmSwift;
		};
/* End XCSwiftPackageProductDependency section */
	};
	rootObject = CDD9D3B42931C3BE00AE1AF7 /* Project object */;
}
